
Microsoft Visual Studio Solution File, Format Version 12.00
# Visual Studio 15
VisualStudioVersion = 15.0.26124.0
MinimumVisualStudioVersion = 15.0.26124.0
Project("{FAE04EC0-301F-11D3-BF4B-00C04F79EFBC}") = "Domain", "Domain\Domain.csproj", "{F1002250-1FDB-449B-A6E8-185016EFDD87}"
EndProject
Project("{FAE04EC0-301F-11D3-BF4B-00C04F79EFBC}") = "Application", "Application\Application.csproj", "{80981D3A-CFC3-43BD-8947-8B8A334B0DEA}"
EndProject
Project("{FAE04EC0-301F-11D3-BF4B-00C04F79EFBC}") = "Persistence", "Persistence\Persistence.csproj", "{12CE4D1D-A9BC-49A8-A939-1182EA4D3A8D}"
EndProject
Project("{FAE04EC0-301F-11D3-BF4B-00C04F79EFBC}") = "API", "API\API.csproj", "{A16A1FE7-38BF-48DE-86FE-1A05457A04CF}"
EndProject
Global
	GlobalSection(SolutionConfigurationPlatforms) = preSolution
		Debug|Any CPU = Debug|Any CPU
		Debug|x64 = Debug|x64
		Debug|x86 = Debug|x86
		Release|Any CPU = Release|Any CPU
		Release|x64 = Release|x64
		Release|x86 = Release|x86
	EndGlobalSection
	GlobalSection(SolutionProperties) = preSolution
		HideSolutionNode = FALSE
	EndGlobalSection
	GlobalSection(ProjectConfigurationPlatforms) = postSolution
		{F1002250-1FDB-449B-A6E8-185016EFDD87}.Debug|Any CPU.ActiveCfg = Debug|Any CPU
		{F1002250-1FDB-449B-A6E8-185016EFDD87}.Debug|Any CPU.Build.0 = Debug|Any CPU
		{F1002250-1FDB-449B-A6E8-185016EFDD87}.Debug|x64.ActiveCfg = Debug|Any CPU
		{F1002250-1FDB-449B-A6E8-185016EFDD87}.Debug|x64.Build.0 = Debug|Any CPU
		{F1002250-1FDB-449B-A6E8-185016EFDD87}.Debug|x86.ActiveCfg = Debug|Any CPU
		{F1002250-1FDB-449B-A6E8-185016EFDD87}.Debug|x86.Build.0 = Debug|Any CPU
		{F1002250-1FDB-449B-A6E8-185016EFDD87}.Release|Any CPU.ActiveCfg = Release|Any CPU
		{F1002250-1FDB-449B-A6E8-185016EFDD87}.Release|Any CPU.Build.0 = Release|Any CPU
		{F1002250-1FDB-449B-A6E8-185016EFDD87}.Release|x64.ActiveCfg = Release|Any CPU
		{F1002250-1FDB-449B-A6E8-185016EFDD87}.Release|x64.Build.0 = Release|Any CPU
		{F1002250-1FDB-449B-A6E8-185016EFDD87}.Release|x86.ActiveCfg = Release|Any CPU
		{F1002250-1FDB-449B-A6E8-185016EFDD87}.Release|x86.Build.0 = Release|Any CPU
		{80981D3A-CFC3-43BD-8947-8B8A334B0DEA}.Debug|Any CPU.ActiveCfg = Debug|Any CPU
		{80981D3A-CFC3-43BD-8947-8B8A334B0DEA}.Debug|Any CPU.Build.0 = Debug|Any CPU
		{80981D3A-CFC3-43BD-8947-8B8A334B0DEA}.Debug|x64.ActiveCfg = Debug|Any CPU
		{80981D3A-CFC3-43BD-8947-8B8A334B0DEA}.Debug|x64.Build.0 = Debug|Any CPU
		{80981D3A-CFC3-43BD-8947-8B8A334B0DEA}.Debug|x86.ActiveCfg = Debug|Any CPU
		{80981D3A-CFC3-43BD-8947-8B8A334B0DEA}.Debug|x86.Build.0 = Debug|Any CPU
		{80981D3A-CFC3-43BD-8947-8B8A334B0DEA}.Release|Any CPU.ActiveCfg = Release|Any CPU
		{80981D3A-CFC3-43BD-8947-8B8A334B0DEA}.Release|Any CPU.Build.0 = Release|Any CPU
		{80981D3A-CFC3-43BD-8947-8B8A334B0DEA}.Release|x64.ActiveCfg = Release|Any CPU
		{80981D3A-CFC3-43BD-8947-8B8A334B0DEA}.Release|x64.Build.0 = Release|Any CPU
		{80981D3A-CFC3-43BD-8947-8B8A334B0DEA}.Release|x86.ActiveCfg = Release|Any CPU
		{80981D3A-CFC3-43BD-8947-8B8A334B0DEA}.Release|x86.Build.0 = Release|Any CPU
		{00F76340-A3A5-474F-991E-023C89F1337F}.Debug|Any CPU.ActiveCfg = Debug|Any CPU
		{00F76340-A3A5-474F-991E-023C89F1337F}.Debug|Any CPU.Build.0 = Debug|Any CPU
		{00F76340-A3A5-474F-991E-023C89F1337F}.Debug|x64.ActiveCfg = Debug|Any CPU
		{00F76340-A3A5-474F-991E-023C89F1337F}.Debug|x64.Build.0 = Debug|Any CPU
		{00F76340-A3A5-474F-991E-023C89F1337F}.Debug|x86.ActiveCfg = Debug|Any CPU
		{00F76340-A3A5-474F-991E-023C89F1337F}.Debug|x86.Build.0 = Debug|Any CPU
		{00F76340-A3A5-474F-991E-023C89F1337F}.Release|Any CPU.ActiveCfg = Release|Any CPU
		{00F76340-A3A5-474F-991E-023C89F1337F}.Release|Any CPU.Build.0 = Release|Any CPU
		{00F76340-A3A5-474F-991E-023C89F1337F}.Release|x64.ActiveCfg = Release|Any CPU
		{00F76340-A3A5-474F-991E-023C89F1337F}.Release|x64.Build.0 = Release|Any CPU
		{00F76340-A3A5-474F-991E-023C89F1337F}.Release|x86.ActiveCfg = Release|Any CPU
		{00F76340-A3A5-474F-991E-023C89F1337F}.Release|x86.Build.0 = Release|Any CPU
		{12CE4D1D-A9BC-49A8-A939-1182EA4D3A8D}.Debug|Any CPU.ActiveCfg = Debug|Any CPU
		{12CE4D1D-A9BC-49A8-A939-1182EA4D3A8D}.Debug|Any CPU.Build.0 = Debug|Any CPU
		{12CE4D1D-A9BC-49A8-A939-1182EA4D3A8D}.Debug|x64.ActiveCfg = Debug|Any CPU
		{12CE4D1D-A9BC-49A8-A939-1182EA4D3A8D}.Debug|x64.Build.0 = Debug|Any CPU
		{12CE4D1D-A9BC-49A8-A939-1182EA4D3A8D}.Debug|x86.ActiveCfg = Debug|Any CPU
		{12CE4D1D-A9BC-49A8-A939-1182EA4D3A8D}.Debug|x86.Build.0 = Debug|Any CPU
		{12CE4D1D-A9BC-49A8-A939-1182EA4D3A8D}.Release|Any CPU.ActiveCfg = Release|Any CPU
		{12CE4D1D-A9BC-49A8-A939-1182EA4D3A8D}.Release|Any CPU.Build.0 = Release|Any CPU
		{12CE4D1D-A9BC-49A8-A939-1182EA4D3A8D}.Release|x64.ActiveCfg = Release|Any CPU
		{12CE4D1D-A9BC-49A8-A939-1182EA4D3A8D}.Release|x64.Build.0 = Release|Any CPU
		{12CE4D1D-A9BC-49A8-A939-1182EA4D3A8D}.Release|x86.ActiveCfg = Release|Any CPU
		{12CE4D1D-A9BC-49A8-A939-1182EA4D3A8D}.Release|x86.Build.0 = Release|Any CPU
		{A16A1FE7-38BF-48DE-86FE-1A05457A04CF}.Debug|Any CPU.ActiveCfg = Debug|Any CPU
		{A16A1FE7-38BF-48DE-86FE-1A05457A04CF}.Debug|Any CPU.Build.0 = Debug|Any CPU
		{A16A1FE7-38BF-48DE-86FE-1A05457A04CF}.Debug|x64.ActiveCfg = Debug|Any CPU
		{A16A1FE7-38BF-48DE-86FE-1A05457A04CF}.Debug|x64.Build.0 = Debug|Any CPU
		{A16A1FE7-38BF-48DE-86FE-1A05457A04CF}.Debug|x86.ActiveCfg = Debug|Any CPU
		{A16A1FE7-38BF-48DE-86FE-1A05457A04CF}.Debug|x86.Build.0 = Debug|Any CPU
		{A16A1FE7-38BF-48DE-86FE-1A05457A04CF}.Release|Any CPU.ActiveCfg = Release|Any CPU
		{A16A1FE7-38BF-48DE-86FE-1A05457A04CF}.Release|Any CPU.Build.0 = Release|Any CPU
		{A16A1FE7-38BF-48DE-86FE-1A05457A04CF}.Release|x64.ActiveCfg = Release|Any CPU
		{A16A1FE7-38BF-48DE-86FE-1A05457A04CF}.Release|x64.Build.0 = Release|Any CPU
		{A16A1FE7-38BF-48DE-86FE-1A05457A04CF}.Release|x86.ActiveCfg = Release|Any CPU
		{A16A1FE7-38BF-48DE-86FE-1A05457A04CF}.Release|x86.Build.0 = Release|Any CPU
	EndGlobalSection
EndGlobal
